
Microsoft Visual Studio Solution File, Format Version 12.00
# Visual Studio Version 17
VisualStudioVersion = 17.8.34330.188
MinimumVisualStudioVersion = 10.0.40219.1
Project("{FAE04EC0-301F-11D3-BF4B-00C04F79EFBC}") = "DUANCANHAN_PHU", "DUANCANHAN_PHU\DUANCANHAN_PHU.csproj", "{727A9208-6029-4D4F-B4AD-5BD0DDDC209D}"
EndProject
Global
	GlobalSection(SolutionConfigurationPlatforms) = preSolution
		Debug|Any CPU = Debug|Any CPU
		Release|Any CPU = Release|Any CPU
	EndGlobalSection
	GlobalSection(ProjectConfigurationPlatforms) = postSolution
		{727A9208-6029-4D4F-B4AD-5BD0DDDC209D}.Debug|Any CPU.ActiveCfg = Debug|Any CPU
		{727A9208-6029-4D4F-B4AD-5BD0DDDC209D}.Debug|Any CPU.Build.0 = Debug|Any CPU
		{727A9208-6029-4D4F-B4AD-5BD0DDDC209D}.Release|Any CPU.ActiveCfg = Release|Any CPU
		{727A9208-6029-4D4F-B4AD-5BD0DDDC209D}.Release|Any CPU.Build.0 = Release|Any CPU
	EndGlobalSection
	GlobalSection(SolutionProperties) = preSolution
		HideSolutionNode = FALSE
	EndGlobalSection
	GlobalSection(ExtensibilityGlobals) = postSolution
		SolutionGuid = {1DC2BB51-77F2-4C5F-AFDB-EA2AC01DE0AA}
	EndGlobalSection
EndGlobal
